// !$*UTF8*$!
{
	archiveVersion = 1;
	classes = {
	};
	objectVersion = 46;
	objects = {

/* Begin PBXBuildFile section */
		2770966E1B2689DC00E1D0C7 /* main.c in Sources */ = {isa = PBXBuildFile; fileRef = 2770966D1B2689DC00E1D0C7 /* main.c */; };
		277096751B2691A700E1D0C7 /* libreadline.dylib in Frameworks */ = {isa = PBXBuildFile; fileRef = 277096741B2691A700E1D0C7 /* libreadline.dylib */; };
/* End PBXBuildFile section */

/* Begin PBXCopyFilesBuildPhase section */
		277096681B2689DC00E1D0C7 /* CopyFiles */ = {
			isa = PBXCopyFilesBuildPhase;
			buildActionMask = 2147483647;
			dstPath = /usr/share/man/man1/;
			dstSubfolderSpec = 0;
			files = (
			);
			runOnlyForDeploymentPostprocessing = 1;
		};
/* End PBXCopyFilesBuildPhase section */

/* Begin PBXFileReference section */
		2770966A1B2689DC00E1D0C7 /* Turkey */ = {isa = PBXFileReference; explicitFileType = "compiled.mach-o.executable"; includeInIndex = 0; path = Turkey; sourceTree = BUILT_PRODUCTS_DIR; };
		2770966D1B2689DC00E1D0C7 /* main.c */ = {isa = PBXFileReference; lastKnownFileType = sourcecode.c.c; path = main.c; sourceTree = "<group>"; };
		277096741B2691A700E1D0C7 /* libreadline.dylib */ = {isa = PBXFileReference; lastKnownFileType = "compiled.mach-o.dylib"; name = libreadline.dylib; path = usr/lib/libreadline.dylib; sourceTree = SDKROOT; };
/* End PBXFileReference section */

/* Begin PBXFrameworksBuildPhase section */
		277096671B2689DC00E1D0C7 /* Frameworks */ = {
			isa = PBXFrameworksBuildPhase;
			buildActionMask = 2147483647;
			files = (
				277096751B2691A700E1D0C7 /* libreadline.dylib in Frameworks */,
			);
			runOnlyForDeploymentPostprocessing = 0;
		};
/* End PBXFrameworksBuildPhase section */

/* Begin PBXGroup section */
		277096611B2689DC00E1D0C7 = {
			isa = PBXGroup;
			children = (
				277096741B2691A700E1D0C7 /* libreadline.dylib */,
				2770966C1B2689DC00E1D0C7 /* Turkey */,
				2770966B1B2689DC00E1D0C7 /* Products */,
			);
			sourceTree = "<group>";
		};
		2770966B1B2689DC00E1D0C7 /* Products */ = {
			isa = PBXGroup;
			children = (
				2770966A1B2689DC00E1D0C7 /* Turkey */,
			);
			name = Products;
			sourceTree = "<group>";
		};
		2770966C1B2689DC00E1D0C7 /* Turkey */ = {
			isa = PBXGroup;
			children = (
				2770966D1B2689DC00E1D0C7 /* main.c */,
			);
			path = Turkey;
			sourceTree = "<group>";
		};
/* End PBXGroup section */

/* Begin PBXNativeTarget section */
		277096691B2689DC00E1D0C7 /* Turkey */ = {
			isa = PBXNativeTarget;
			buildConfigurationList = 277096711B2689DD00E1D0C7 /* Build configuration list for PBXNativeTarget "Turkey" */;
			buildPhases = (
				277096661B2689DC00E1D0C7 /* Sources */,
				277096671B2689DC00E1D0C7 /* Frameworks */,
				277096681B2689DC00E1D0C7 /* CopyFiles */,
			);
			buildRules = (
			);
			dependencies = (
			);
			name = Turkey;
			productName = Turkey;
			productReference = 2770966A1B2689DC00E1D0C7 /* Turkey */;
			productType = "com.apple.product-type.tool";
		};
/* End PBXNativeTarget section */

/* Begin PBXProject section */
		277096621B2689DC00E1D0C7 /* Project object */ = {
			isa = PBXProject;
			attributes = {
				LastUpgradeCheck = 0630;
				ORGANIZATIONNAME = Andrei;
				TargetAttributes = {
					277096691B2689DC00E1D0C7 = {
						CreatedOnToolsVersion = 6.3.2;
					};
				};
			};
			buildConfigurationList = 277096651B2689DC00E1D0C7 /* Build configuration list for PBXProject "Turkey" */;
			compatibilityVersion = "Xcode 3.2";
			developmentRegion = English;
			hasScannedForEncodings = 0;
			knownRegions = (
				en,
			);
			mainGroup = 277096611B2689DC00E1D0C7;
			productRefGroup = 2770966B1B2689DC00E1D0C7 /* Products */;
			projectDirPath = "";
			projectRoot = "";
			targets = (
				277096691B2689DC00E1D0C7 /* Turkey */,
			);
		};
/* End PBXProject section */

/* Begin PBXSourcesBuildPhase section */
		277096661B2689DC00E1D0C7 /* Sources */ = {
			isa = PBXSourcesBuildPhase;
			buildActionMask = 2147483647;
			files = (
				2770966E1B2689DC00E1D0C7 /* main.c in Sources */,
			);
			runOnlyForDeploymentPostprocessing = 0;
		};
/* End PBXSourcesBuildPhase section */

/* Begin XCBuildConfiguration section */
		2770966F1B2689DD00E1D0C7 /* Debug */ = {
			isa = XCBuildConfiguration;
			buildSettings = {
				ALWAYS_SEARCH_USER_PATHS = NO;
				CLANG_CXX_LANGUAGE_STANDARD = "gnu++0x";
				CLANG_CXX_LIBRARY = "libc++";
				CLANG_ENABLE_MODULES = YES;
				CLANG_ENABLE_OBJC_ARC = YES;
				CLANG_WARN_BOOL_CONVERSION = YES;
				CLANG_WARN_CONSTANT_CONVERSION = YES;
				CLANG_WARN_DIRECT_OBJC_ISA_USAGE = YES_ERROR;
				CLANG_WARN_EMPTY_BODY = YES;
				CLANG_WARN_ENUM_CONVERSION = YES;
				CLANG_WARN_INT_CONVERSION = YES;
				CLANG_WARN_OBJC_ROOT_CLASS = YES_ERROR;
				CLANG_WARN_UNREACHABLE_CODE = YES;
				CLANG_WARN__DUPLICATE_METHOD_MATCH = YES;
				COPY_PHASE_STRIP = NO;
				DEBUG_INFORMATION_FORMAT = dwarf;
				ENABLE_STRICT_OBJC_MSGSEND = YES;
				GCC_C_LANGUAGE_STANDARD = gnu99;
				GCC_DYNAMIC_NO_PIC = NO;
				GCC_NO_COMMON_BLOCKS = YES;
				GCC_OPTIMIZATION_LEVEL = 0;
				GCC_PREPROCESSOR_DEFINITIONS = (
					"DEBUG=1",
					"$(inherited)",
				);
				GCC_SYMBOLS_PRIVATE_EXTERN = NO;
				GCC_WARN_64_TO_32_BIT_CONVERSION = YES;
				GCC_WARN_ABOUT_RETURN_TYPE = YES_ERROR;
				GCC_WARN_UNDECLARED_SELECTOR = YES;
				GCC_WARN_UNINITIALIZED_AUTOS = YES_AGGRESSIVE;
				GCC_WARN_UNUSED_FUNCTION = YES;
				GCC_WARN_UNUSED_VARIABLE = YES;
				MACOSX_DEPLOYMENT_TARGET = 10.10;
				MTL_ENABLE_DEBUG_INFO = YES;
				ONLY_ACTIVE_ARCH = YES;
				SDKROOT = macosx;
			};
			name = Debug;
		};
		277096701B2689DD00E1D0C7 /* Release */ = {
			isa = XCBuildConfiguration;
			buildSettings = {
				ALWAYS_SEARCH_USER_PATHS = NO;
				CLANG_CXX_LANGUAGE_STANDARD = "gnu++0x";
				CLANG_CXX_LIBRARY = "libc++";
				CLANG_ENABLE_MODULES = YES;
				CLANG_ENABLE_OBJC_ARC = YES;
				CLANG_WARN_BOOL_CONVERSION = YES;
				CLANG_WARN_CONSTANT_CONVERSION = YES;
				CLANG_WARN_DIRECT_OBJC_ISA_USAGE = YES_ERROR;
				CLANG_WARN_EMPTY_BODY = YES;
				CLANG_WARN_ENUM_CONVERSION = YES;
				CLANG_WARN_INT_CONVERSION = YES;
				CLANG_WARN_OBJC_ROOT_CLASS = YES_ERROR;
				CLANG_WARN_UNREACHABLE_CODE = YES;
				CLANG_WARN__DUPLICATE_METHOD_MATCH = YES;
				COPY_PHASE_STRIP = NO;
				DEBUG_INFORMATION_FORMAT = "dwarf-with-dsym";
				ENABLE_NS_ASSERTIONS = NO;
				ENABLE_STRICT_OBJC_MSGSEND = YES;
				GCC_C_LANGUAGE_STANDARD = gnu99;
				GCC_NO_COMMON_BLOCKS = YES;
				GCC_WARN_64_TO_32_BIT_CONVERSION = YES;
				GCC_WARN_ABOUT_RETURN_TYPE = YES_ERROR;
				GCC_WARN_UNDECLARED_SELECTOR = YES;
				GCC_WARN_UNINITIALIZED_AUTOS = YES_AGGRESSIVE;
				GCC_WARN_UNUSED_FUNCTION = YES;
				GCC_WARN_UNUSED_VARIABLE = YES;
				MACOSX_DEPLOYMENT_TARGET = 10.10;
				MTL_ENABLE_DEBUG_INFO = NO;
				SDKROOT = macosx;
			};
			name = Release;
		};
		277096721B2689DD00E1D0C7 /* Debug */ = {
			isa = XCBuildConfiguration;
			buildSettings = {
				PRODUCT_NAME = "$(TARGET_NAME)";
			};
			name = Debug;
		};
		277096731B2689DD00E1D0C7 /* Release */ = {
			isa = XCBuildConfiguration;
			buildSettings = {
				PRODUCT_NAME = "$(TARGET_NAME)";
			};
			name = Release;
		};
/* End XCBuildConfiguration section */

/* Begin XCConfigurationList section */
		277096651B2689DC00E1D0C7 /* Build configuration list for PBXProject "Turkey" */ = {
			isa = XCConfigurationList;
			buildConfigurations = (
				2770966F1B2689DD00E1D0C7 /* Debug */,
				277096701B2689DD00E1D0C7 /* Release */,
			);
			defaultConfigurationIsVisible = 0;
			defaultConfigurationName = Release;
		};
		277096711B2689DD00E1D0C7 /* Build configuration list for PBXNativeTarget "Turkey" */ = {
			isa = XCConfigurationList;
			buildConfigurations = (
				277096721B2689DD00E1D0C7 /* Debug */,
				277096731B2689DD00E1D0C7 /* Release */,
			);
			defaultConfigurationIsVisible = 0;
		};
/* End XCConfigurationList section */
	};
	rootObject = 277096621B2689DC00E1D0C7 /* Project object */;
}
